
Microsoft Visual Studio Solution File, Format Version 12.00
# Visual Studio Version 17
VisualStudioVersion = 17.4.33205.214
MinimumVisualStudioVersion = 10.0.40219.1
Project("{8BC9CEB8-8B4A-11D0-8D11-00A0C91BC942}") = "SortAlgoritms", "SortAlgoritms\SortAlgoritms.vcxproj", "{1899D2D4-B30A-449D-996D-D7D6CF17F34C}"
EndProject
Global
	GlobalSection(SolutionConfigurationPlatforms) = preSolution
		Debug|x64 = Debug|x64
		Debug|x86 = Debug|x86
		Release|x64 = Release|x64
		Release|x86 = Release|x86
	EndGlobalSection
	GlobalSection(ProjectConfigurationPlatforms) = postSolution
		{1899D2D4-B30A-449D-996D-D7D6CF17F34C}.Debug|x64.ActiveCfg = Debug|x64
		{1899D2D4-B30A-449D-996D-D7D6CF17F34C}.Debug|x64.Build.0 = Debug|x64
		{1899D2D4-B30A-449D-996D-D7D6CF17F34C}.Debug|x86.ActiveCfg = Debug|Win32
		{1899D2D4-B30A-449D-996D-D7D6CF17F34C}.Debug|x86.Build.0 = Debug|Win32
		{1899D2D4-B30A-449D-996D-D7D6CF17F34C}.Release|x64.ActiveCfg = Release|x64
		{1899D2D4-B30A-449D-996D-D7D6CF17F34C}.Release|x64.Build.0 = Release|x64
		{1899D2D4-B30A-449D-996D-D7D6CF17F34C}.Release|x86.ActiveCfg = Release|Win32
		{1899D2D4-B30A-449D-996D-D7D6CF17F34C}.Release|x86.Build.0 = Release|Win32
	EndGlobalSection
	GlobalSection(SolutionProperties) = preSolution
		HideSolutionNode = FALSE
	EndGlobalSection
	GlobalSection(ExtensibilityGlobals) = postSolution
		SolutionGuid = {0A5BBB27-96B9-4EF9-BD23-391ACF6EEF6D}
	EndGlobalSection
EndGlobal
